// !$*UTF8*$!
{
	archiveVersion = 1;
	classes = {
	};
	objectVersion = 55;
	objects = {

/* Begin PBXBuildFile section */
		ECC0102E2ACF2CDB009DE2C6 /* decode_gz.c in Sources */ = {isa = PBXBuildFile; fileRef = ECC010292ACF2CDB009DE2C6 /* decode_gz.c */; };
		ECC0102F2ACF2CDB009DE2C6 /* hellogz.c in Sources */ = {isa = PBXBuildFile; fileRef = ECC0102A2ACF2CDB009DE2C6 /* hellogz.c */; };
		ECC010302ACF2CDB009DE2C6 /* inflate.c in Sources */ = {isa = PBXBuildFile; fileRef = ECC0102C2ACF2CDB009DE2C6 /* inflate.c */; };
		ECC010342ACF3763009DE2C6 /* gzipsample.gz in CopyFiles */ = {isa = PBXBuildFile; fileRef = ECC010322ACF2D32009DE2C6 /* gzipsample.gz */; };
/* End PBXBuildFile section */

/* Begin PBXCopyFilesBuildPhase section */
		ECC010152ACF2B9F009DE2C6 /* CopyFiles */ = {
			isa = PBXCopyFilesBuildPhase;
			buildActionMask = 12;
			dstPath = "";
			dstSubfolderSpec = 16;
			files = (
				ECC010342ACF3763009DE2C6 /* gzipsample.gz in CopyFiles */,
			);
			runOnlyForDeploymentPostprocessing = 0;
		};
/* End PBXCopyFilesBuildPhase section */

/* Begin PBXFileReference section */
		ECC010172ACF2B9F009DE2C6 /* hellogz */ = {isa = PBXFileReference; explicitFileType = "compiled.mach-o.executable"; includeInIndex = 0; path = hellogz; sourceTree = BUILT_PRODUCTS_DIR; };
		ECC010292ACF2CDB009DE2C6 /* decode_gz.c */ = {isa = PBXFileReference; fileEncoding = 4; lastKnownFileType = sourcecode.c.c; name = decode_gz.c; path = ../src/decode_gz.c; sourceTree = "<group>"; };
		ECC0102A2ACF2CDB009DE2C6 /* hellogz.c */ = {isa = PBXFileReference; fileEncoding = 4; lastKnownFileType = sourcecode.c.c; name = hellogz.c; path = ../src/hellogz.c; sourceTree = "<group>"; };
		ECC0102B2ACF2CDB009DE2C6 /* inflate.h */ = {isa = PBXFileReference; fileEncoding = 4; lastKnownFileType = sourcecode.c.h; name = inflate.h; path = ../src/inflate.h; sourceTree = "<group>"; };
		ECC0102C2ACF2CDB009DE2C6 /* inflate.c */ = {isa = PBXFileReference; fileEncoding = 4; lastKnownFileType = sourcecode.c.c; name = inflate.c; path = ../src/inflate.c; sourceTree = "<group>"; };
		ECC0102D2ACF2CDB009DE2C6 /* decode_gz.h */ = {isa = PBXFileReference; fileEncoding = 4; lastKnownFileType = sourcecode.c.h; name = decode_gz.h; path = ../src/decode_gz.h; sourceTree = "<group>"; };
		ECC010322ACF2D32009DE2C6 /* gzipsample.gz */ = {isa = PBXFileReference; explicitFileType = compiled; name = gzipsample.gz; path = ../resources/gzipsample.gz; sourceTree = "<group>"; };
/* End PBXFileReference section */

/* Begin PBXFrameworksBuildPhase section */
		ECC010142ACF2B9F009DE2C6 /* Frameworks */ = {
			isa = PBXFrameworksBuildPhase;
			buildActionMask = 2147483647;
			files = (
			);
			runOnlyForDeploymentPostprocessing = 0;
		};
/* End PBXFrameworksBuildPhase section */

/* Begin PBXGroup section */
		601128CB286303DB00F92967 = {
			isa = PBXGroup;
			children = (
				ECC010292ACF2CDB009DE2C6 /* decode_gz.c */,
				ECC0102D2ACF2CDB009DE2C6 /* decode_gz.h */,
				ECC0102A2ACF2CDB009DE2C6 /* hellogz.c */,
				ECC0102C2ACF2CDB009DE2C6 /* inflate.c */,
				ECC0102B2ACF2CDB009DE2C6 /* inflate.h */,
				601128D72863043C00F92967 /* Products */,
				6011290228630B3000F92967 /* resources */,
			);
			sourceTree = "<group>";
		};
		601128D72863043C00F92967 /* Products */ = {
			isa = PBXGroup;
			children = (
				ECC010172ACF2B9F009DE2C6 /* hellogz */,
			);
			name = Products;
			sourceTree = "<group>";
		};
		6011290228630B3000F92967 /* resources */ = {
			isa = PBXGroup;
			children = (
				ECC010322ACF2D32009DE2C6 /* gzipsample.gz */,
			);
			name = resources;
			sourceTree = "<group>";
		};
/* End PBXGroup section */

/* Begin PBXNativeTarget section */
		ECC010162ACF2B9F009DE2C6 /* hellogz */ = {
			isa = PBXNativeTarget;
			buildConfigurationList = ECC0101B2ACF2B9F009DE2C6 /* Build configuration list for PBXNativeTarget "hellogz" */;
			buildPhases = (
				ECC010132ACF2B9F009DE2C6 /* Sources */,
				ECC010142ACF2B9F009DE2C6 /* Frameworks */,
				ECC010152ACF2B9F009DE2C6 /* CopyFiles */,
			);
			buildRules = (
			);
			dependencies = (
			);
			name = hellogz;
			productName = hellogz;
			productReference = ECC010172ACF2B9F009DE2C6 /* hellogz */;
			productType = "com.apple.product-type.tool";
		};
/* End PBXNativeTarget section */

/* Begin PBXProject section */
		601128CC286303DB00F92967 /* Project object */ = {
			isa = PBXProject;
			attributes = {
				BuildIndependentTargetsInParallel = 1;
				LastUpgradeCheck = 1320;
				TargetAttributes = {
					ECC010162ACF2B9F009DE2C6 = {
						CreatedOnToolsVersion = 14.2;
					};
				};
			};
			buildConfigurationList = 601128CF286303DB00F92967 /* Build configuration list for PBXProject "hello_gzip" */;
			compatibilityVersion = "Xcode 13.0";
			developmentRegion = en;
			hasScannedForEncodings = 0;
			knownRegions = (
				en,
				Base,
			);
			mainGroup = 601128CB286303DB00F92967;
			productRefGroup = 601128D72863043C00F92967 /* Products */;
			projectDirPath = "";
			projectRoot = "";
			targets = (
				ECC010162ACF2B9F009DE2C6 /* hellogz */,
			);
		};
/* End PBXProject section */

/* Begin PBXSourcesBuildPhase section */
		ECC010132ACF2B9F009DE2C6 /* Sources */ = {
			isa = PBXSourcesBuildPhase;
			buildActionMask = 2147483647;
			files = (
				ECC0102E2ACF2CDB009DE2C6 /* decode_gz.c in Sources */,
				ECC0102F2ACF2CDB009DE2C6 /* hellogz.c in Sources */,
				ECC010302ACF2CDB009DE2C6 /* inflate.c in Sources */,
			);
			runOnlyForDeploymentPostprocessing = 0;
		};
/* End PBXSourcesBuildPhase section */

/* Begin XCBuildConfiguration section */
		601128D0286303DB00F92967 /* Debug */ = {
			isa = XCBuildConfiguration;
			buildSettings = {
			};
			name = Debug;
		};
		601128D1286303DB00F92967 /* Release */ = {
			isa = XCBuildConfiguration;
			buildSettings = {
			};
			name = Release;
		};
		ECC0101C2ACF2B9F009DE2C6 /* Debug */ = {
			isa = XCBuildConfiguration;
			buildSettings = {
				ALWAYS_SEARCH_USER_PATHS = NO;
				CLANG_ANALYZER_NONNULL = YES;
				CLANG_ANALYZER_NUMBER_OBJECT_CONVERSION = YES_AGGRESSIVE;
				CLANG_CXX_LANGUAGE_STANDARD = "gnu++20";
				CLANG_ENABLE_MODULES = YES;
				CLANG_ENABLE_OBJC_ARC = YES;
				CLANG_ENABLE_OBJC_WEAK = YES;
				CLANG_WARN_BLOCK_CAPTURE_AUTORELEASING = YES;
				CLANG_WARN_BOOL_CONVERSION = YES;
				CLANG_WARN_COMMA = YES;
				CLANG_WARN_CONSTANT_CONVERSION = YES;
				CLANG_WARN_DEPRECATED_OBJC_IMPLEMENTATIONS = YES;
				CLANG_WARN_DIRECT_OBJC_ISA_USAGE = YES_ERROR;
				CLANG_WARN_DOCUMENTATION_COMMENTS = YES;
				CLANG_WARN_EMPTY_BODY = YES;
				CLANG_WARN_ENUM_CONVERSION = YES;
				CLANG_WARN_INFINITE_RECURSION = YES;
				CLANG_WARN_INT_CONVERSION = YES;
				CLANG_WARN_NON_LITERAL_NULL_CONVERSION = YES;
				CLANG_WARN_OBJC_IMPLICIT_RETAIN_SELF = YES;
				CLANG_WARN_OBJC_LITERAL_CONVERSION = YES;
				CLANG_WARN_OBJC_ROOT_CLASS = YES_ERROR;
				CLANG_WARN_QUOTED_INCLUDE_IN_FRAMEWORK_HEADER = YES;
				CLANG_WARN_RANGE_LOOP_ANALYSIS = YES;
				CLANG_WARN_STRICT_PROTOTYPES = YES;
				CLANG_WARN_SUSPICIOUS_MOVE = YES;
				CLANG_WARN_UNGUARDED_AVAILABILITY = YES_AGGRESSIVE;
				CLANG_WARN_UNREACHABLE_CODE = YES;
				CLANG_WARN__DUPLICATE_METHOD_MATCH = YES;
				CODE_SIGN_STYLE = Automatic;
				COPY_PHASE_STRIP = NO;
				DEBUG_INFORMATION_FORMAT = dwarf;
				DEVELOPMENT_TEAM = 69FRAQZ2YR;
				ENABLE_HARDENED_RUNTIME = YES;
				ENABLE_STRICT_OBJC_MSGSEND = YES;
				ENABLE_TESTABILITY = YES;
				GCC_C_LANGUAGE_STANDARD = gnu11;
				GCC_DYNAMIC_NO_PIC = NO;
				GCC_NO_COMMON_BLOCKS = YES;
				GCC_OPTIMIZATION_LEVEL = 0;
				GCC_PREPROCESSOR_DEFINITIONS = (
					"DEBUG=1",
					"$(inherited)",
				);
				GCC_WARN_64_TO_32_BIT_CONVERSION = YES;
				GCC_WARN_ABOUT_RETURN_TYPE = YES_ERROR;
				GCC_WARN_UNDECLARED_SELECTOR = YES;
				GCC_WARN_UNINITIALIZED_AUTOS = YES_AGGRESSIVE;
				GCC_WARN_UNUSED_FUNCTION = YES;
				GCC_WARN_UNUSED_VARIABLE = YES;
				MACOSX_DEPLOYMENT_TARGET = 12.6;
				MTL_ENABLE_DEBUG_INFO = INCLUDE_SOURCE;
				MTL_FAST_MATH = YES;
				ONLY_ACTIVE_ARCH = YES;
				PRODUCT_NAME = "$(TARGET_NAME)";
				SDKROOT = macosx;
			};
			name = Debug;
		};
		ECC0101D2ACF2B9F009DE2C6 /* Release */ = {
			isa = XCBuildConfiguration;
			buildSettings = {
				ALWAYS_SEARCH_USER_PATHS = NO;
				CLANG_ANALYZER_NONNULL = YES;
				CLANG_ANALYZER_NUMBER_OBJECT_CONVERSION = YES_AGGRESSIVE;
				CLANG_CXX_LANGUAGE_STANDARD = "gnu++20";
				CLANG_ENABLE_MODULES = YES;
				CLANG_ENABLE_OBJC_ARC = YES;
				CLANG_ENABLE_OBJC_WEAK = YES;
				CLANG_WARN_BLOCK_CAPTURE_AUTORELEASING = YES;
				CLANG_WARN_BOOL_CONVERSION = YES;
				CLANG_WARN_COMMA = YES;
				CLANG_WARN_CONSTANT_CONVERSION = YES;
				CLANG_WARN_DEPRECATED_OBJC_IMPLEMENTATIONS = YES;
				CLANG_WARN_DIRECT_OBJC_ISA_USAGE = YES_ERROR;
				CLANG_WARN_DOCUMENTATION_COMMENTS = YES;
				CLANG_WARN_EMPTY_BODY = YES;
				CLANG_WARN_ENUM_CONVERSION = YES;
				CLANG_WARN_INFINITE_RECURSION = YES;
				CLANG_WARN_INT_CONVERSION = YES;
				CLANG_WARN_NON_LITERAL_NULL_CONVERSION = YES;
				CLANG_WARN_OBJC_IMPLICIT_RETAIN_SELF = YES;
				CLANG_WARN_OBJC_LITERAL_CONVERSION = YES;
				CLANG_WARN_OBJC_ROOT_CLASS = YES_ERROR;
				CLANG_WARN_QUOTED_INCLUDE_IN_FRAMEWORK_HEADER = YES;
				CLANG_WARN_RANGE_LOOP_ANALYSIS = YES;
				CLANG_WARN_STRICT_PROTOTYPES = YES;
				CLANG_WARN_SUSPICIOUS_MOVE = YES;
				CLANG_WARN_UNGUARDED_AVAILABILITY = YES_AGGRESSIVE;
				CLANG_WARN_UNREACHABLE_CODE = YES;
				CLANG_WARN__DUPLICATE_METHOD_MATCH = YES;
				CODE_SIGN_STYLE = Automatic;
				COPY_PHASE_STRIP = NO;
				DEBUG_INFORMATION_FORMAT = "dwarf-with-dsym";
				DEVELOPMENT_TEAM = 69FRAQZ2YR;
				ENABLE_HARDENED_RUNTIME = YES;
				ENABLE_NS_ASSERTIONS = NO;
				ENABLE_STRICT_OBJC_MSGSEND = YES;
				GCC_C_LANGUAGE_STANDARD = gnu11;
				GCC_NO_COMMON_BLOCKS = YES;
				GCC_WARN_64_TO_32_BIT_CONVERSION = YES;
				GCC_WARN_ABOUT_RETURN_TYPE = YES_ERROR;
				GCC_WARN_UNDECLARED_SELECTOR = YES;
				GCC_WARN_UNINITIALIZED_AUTOS = YES_AGGRESSIVE;
				GCC_WARN_UNUSED_FUNCTION = YES;
				GCC_WARN_UNUSED_VARIABLE = YES;
				MACOSX_DEPLOYMENT_TARGET = 12.6;
				MTL_ENABLE_DEBUG_INFO = NO;
				MTL_FAST_MATH = YES;
				OTHER_CFLAGS = (
					"\"-D INFLATE_IGNORE_ASSERTS\"",
					"\"-D INFLATE_SILENCE\"",
				);
				PRODUCT_NAME = "$(TARGET_NAME)";
				SDKROOT = macosx;
			};
			name = Release;
		};
/* End XCBuildConfiguration section */

/* Begin XCConfigurationList section */
		601128CF286303DB00F92967 /* Build configuration list for PBXProject "hello_gzip" */ = {
			isa = XCConfigurationList;
			buildConfigurations = (
				601128D0286303DB00F92967 /* Debug */,
				601128D1286303DB00F92967 /* Release */,
			);
			defaultConfigurationIsVisible = 0;
			defaultConfigurationName = Release;
		};
		ECC0101B2ACF2B9F009DE2C6 /* Build configuration list for PBXNativeTarget "hellogz" */ = {
			isa = XCConfigurationList;
			buildConfigurations = (
				ECC0101C2ACF2B9F009DE2C6 /* Debug */,
				ECC0101D2ACF2B9F009DE2C6 /* Release */,
			);
			defaultConfigurationIsVisible = 0;
			defaultConfigurationName = Release;
		};
/* End XCConfigurationList section */
	};
	rootObject = 601128CC286303DB00F92967 /* Project object */;
}
